// !$*UTF8*$!
{
	archiveVersion = 1;
	classes = {
	};
	objectVersion = 56;
	objects = {

/* Begin PBXBuildFile section */
		2618A54C29C5EDF20053C989 /* AppDelegate.swift in Sources */ = {isa = PBXBuildFile; fileRef = 2618A54B29C5EDF10053C989 /* AppDelegate.swift */; };
		2618A55529C5EDF30053C989 /* Assets.xcassets in Resources */ = {isa = PBXBuildFile; fileRef = 2618A55429C5EDF30053C989 /* Assets.xcassets */; };
		2618A55829C5EDF30053C989 /* LaunchScreen.storyboard in Resources */ = {isa = PBXBuildFile; fileRef = 2618A55629C5EDF30053C989 /* LaunchScreen.storyboard */; };
		2618A56229C5F1600053C989 /* Extension+UIApplication.swift in Sources */ = {isa = PBXBuildFile; fileRef = 2618A56129C5F1600053C989 /* Extension+UIApplication.swift */; };
		2618A56429C5F17E0053C989 /* Extension+UINavigationController.swift in Sources */ = {isa = PBXBuildFile; fileRef = 2618A56329C5F17E0053C989 /* Extension+UINavigationController.swift */; };
		2618A56629C5F19A0053C989 /* Extension+UIViewController.swift in Sources */ = {isa = PBXBuildFile; fileRef = 2618A56529C5F19A0053C989 /* Extension+UIViewController.swift */; };
		26BD457F29C5F53D00AEC5C8 /* User.swift in Sources */ = {isa = PBXBuildFile; fileRef = 26BD457E29C5F53D00AEC5C8 /* User.swift */; };
		26BD458129C5F59300AEC5C8 /* Post.swift in Sources */ = {isa = PBXBuildFile; fileRef = 26BD458029C5F59300AEC5C8 /* Post.swift */; };
		26BD458529C6B46100AEC5C8 /* ListPostProtocols.swift in Sources */ = {isa = PBXBuildFile; fileRef = 26BD458429C6B46100AEC5C8 /* ListPostProtocols.swift */; };
		26BD458829C6B48A00AEC5C8 /* IRouter.swift in Sources */ = {isa = PBXBuildFile; fileRef = 26BD458729C6B48A00AEC5C8 /* IRouter.swift */; };
		26BD458A29C6B4A400AEC5C8 /* AppRouter.swift in Sources */ = {isa = PBXBuildFile; fileRef = 26BD458929C6B4A400AEC5C8 /* AppRouter.swift */; };
		26BD458C29C6B4E100AEC5C8 /* IModule.swift in Sources */ = {isa = PBXBuildFile; fileRef = 26BD458B29C6B4E100AEC5C8 /* IModule.swift */; };
		26BD458E29C6B4F400AEC5C8 /* FeatureModule.swift in Sources */ = {isa = PBXBuildFile; fileRef = 26BD458D29C6B4F400AEC5C8 /* FeatureModule.swift */; };
		26BD459129C6B8A300AEC5C8 /* ListPostView.swift in Sources */ = {isa = PBXBuildFile; fileRef = 26BD458F29C6B8A300AEC5C8 /* ListPostView.swift */; };
		26BD459229C6B8A300AEC5C8 /* ListPostView.xib in Resources */ = {isa = PBXBuildFile; fileRef = 26BD459029C6B8A300AEC5C8 /* ListPostView.xib */; };
		26BD459629C6BB3100AEC5C8 /* PostItemTableCell.swift in Sources */ = {isa = PBXBuildFile; fileRef = 26BD459429C6BB3100AEC5C8 /* PostItemTableCell.swift */; };
		26BD459729C6BB3100AEC5C8 /* PostItemTableCell.xib in Resources */ = {isa = PBXBuildFile; fileRef = 26BD459529C6BB3100AEC5C8 /* PostItemTableCell.xib */; };
		26BD459A29C6BE6600AEC5C8 /* DiskHelper.swift in Sources */ = {isa = PBXBuildFile; fileRef = 26BD459929C6BE6600AEC5C8 /* DiskHelper.swift */; };
		26BD459C29C6BFAF00AEC5C8 /* ListPostInteractor.swift in Sources */ = {isa = PBXBuildFile; fileRef = 26BD459B29C6BFAF00AEC5C8 /* ListPostInteractor.swift */; };
		26BD45A029C6C3C000AEC5C8 /* ListPostPresenter.swift in Sources */ = {isa = PBXBuildFile; fileRef = 26BD459F29C6C3C000AEC5C8 /* ListPostPresenter.swift */; };
		26BD45A229C6D7C400AEC5C8 /* Extension+UITableViewCell.swift in Sources */ = {isa = PBXBuildFile; fileRef = 26BD45A129C6D7C400AEC5C8 /* Extension+UITableViewCell.swift */; };
		26BD45A429C6D7CF00AEC5C8 /* Extension+UITableView.swift in Sources */ = {isa = PBXBuildFile; fileRef = 26BD45A329C6D7CF00AEC5C8 /* Extension+UITableView.swift */; };
		26BD45A629C71C7F00AEC5C8 /* ListPostModule.swift in Sources */ = {isa = PBXBuildFile; fileRef = 26BD45A529C71C7F00AEC5C8 /* ListPostModule.swift */; };
		6A3D6F51C7889BA62C2A9116 /* Pods_Social_Network.framework in Frameworks */ = {isa = PBXBuildFile; fileRef = 124AA95DE5B6775312F89B97 /* Pods_Social_Network.framework */; };
/* End PBXBuildFile section */

/* Begin PBXFileReference section */
		124AA95DE5B6775312F89B97 /* Pods_Social_Network.framework */ = {isa = PBXFileReference; explicitFileType = wrapper.framework; includeInIndex = 0; path = Pods_Social_Network.framework; sourceTree = BUILT_PRODUCTS_DIR; };
		2618A54829C5EDF10053C989 /* Social Network.app */ = {isa = PBXFileReference; explicitFileType = wrapper.application; includeInIndex = 0; path = "Social Network.app"; sourceTree = BUILT_PRODUCTS_DIR; };
		2618A54B29C5EDF10053C989 /* AppDelegate.swift */ = {isa = PBXFileReference; lastKnownFileType = sourcecode.swift; path = AppDelegate.swift; sourceTree = "<group>"; };
		2618A55429C5EDF30053C989 /* Assets.xcassets */ = {isa = PBXFileReference; lastKnownFileType = folder.assetcatalog; path = Assets.xcassets; sourceTree = "<group>"; };
		2618A55729C5EDF30053C989 /* Base */ = {isa = PBXFileReference; lastKnownFileType = file.storyboard; name = Base; path = Base.lproj/LaunchScreen.storyboard; sourceTree = "<group>"; };
		2618A55929C5EDF30053C989 /* Info.plist */ = {isa = PBXFileReference; lastKnownFileType = text.plist.xml; path = Info.plist; sourceTree = "<group>"; };
		2618A56129C5F1600053C989 /* Extension+UIApplication.swift */ = {isa = PBXFileReference; lastKnownFileType = sourcecode.swift; path = "Extension+UIApplication.swift"; sourceTree = "<group>"; };
		2618A56329C5F17E0053C989 /* Extension+UINavigationController.swift */ = {isa = PBXFileReference; lastKnownFileType = sourcecode.swift; path = "Extension+UINavigationController.swift"; sourceTree = "<group>"; };
		2618A56529C5F19A0053C989 /* Extension+UIViewController.swift */ = {isa = PBXFileReference; lastKnownFileType = sourcecode.swift; path = "Extension+UIViewController.swift"; sourceTree = "<group>"; };
		26BD457E29C5F53D00AEC5C8 /* User.swift */ = {isa = PBXFileReference; lastKnownFileType = sourcecode.swift; path = User.swift; sourceTree = "<group>"; };
		26BD458029C5F59300AEC5C8 /* Post.swift */ = {isa = PBXFileReference; lastKnownFileType = sourcecode.swift; path = Post.swift; sourceTree = "<group>"; };
		26BD458429C6B46100AEC5C8 /* ListPostProtocols.swift */ = {isa = PBXFileReference; lastKnownFileType = sourcecode.swift; path = ListPostProtocols.swift; sourceTree = "<group>"; };
		26BD458729C6B48A00AEC5C8 /* IRouter.swift */ = {isa = PBXFileReference; lastKnownFileType = sourcecode.swift; path = IRouter.swift; sourceTree = "<group>"; };
		26BD458929C6B4A400AEC5C8 /* AppRouter.swift */ = {isa = PBXFileReference; lastKnownFileType = sourcecode.swift; path = AppRouter.swift; sourceTree = "<group>"; };
		26BD458B29C6B4E100AEC5C8 /* IModule.swift */ = {isa = PBXFileReference; lastKnownFileType = sourcecode.swift; path = IModule.swift; sourceTree = "<group>"; };
		26BD458D29C6B4F400AEC5C8 /* FeatureModule.swift */ = {isa = PBXFileReference; lastKnownFileType = sourcecode.swift; path = FeatureModule.swift; sourceTree = "<group>"; };
		26BD458F29C6B8A300AEC5C8 /* ListPostView.swift */ = {isa = PBXFileReference; lastKnownFileType = sourcecode.swift; path = ListPostView.swift; sourceTree = "<group>"; };
		26BD459029C6B8A300AEC5C8 /* ListPostView.xib */ = {isa = PBXFileReference; lastKnownFileType = file.xib; path = ListPostView.xib; sourceTree = "<group>"; };
		26BD459429C6BB3100AEC5C8 /* PostItemTableCell.swift */ = {isa = PBXFileReference; lastKnownFileType = sourcecode.swift; path = PostItemTableCell.swift; sourceTree = "<group>"; };
		26BD459529C6BB3100AEC5C8 /* PostItemTableCell.xib */ = {isa = PBXFileReference; lastKnownFileType = file.xib; path = PostItemTableCell.xib; sourceTree = "<group>"; };
		26BD459929C6BE6600AEC5C8 /* DiskHelper.swift */ = {isa = PBXFileReference; lastKnownFileType = sourcecode.swift; path = DiskHelper.swift; sourceTree = "<group>"; };
		26BD459B29C6BFAF00AEC5C8 /* ListPostInteractor.swift */ = {isa = PBXFileReference; lastKnownFileType = sourcecode.swift; path = ListPostInteractor.swift; sourceTree = "<group>"; };
		26BD459F29C6C3C000AEC5C8 /* ListPostPresenter.swift */ = {isa = PBXFileReference; lastKnownFileType = sourcecode.swift; path = ListPostPresenter.swift; sourceTree = "<group>"; };
		26BD45A129C6D7C400AEC5C8 /* Extension+UITableViewCell.swift */ = {isa = PBXFileReference; lastKnownFileType = sourcecode.swift; path = "Extension+UITableViewCell.swift"; sourceTree = "<group>"; };
		26BD45A329C6D7CF00AEC5C8 /* Extension+UITableView.swift */ = {isa = PBXFileReference; lastKnownFileType = sourcecode.swift; path = "Extension+UITableView.swift"; sourceTree = "<group>"; };
		26BD45A529C71C7F00AEC5C8 /* ListPostModule.swift */ = {isa = PBXFileReference; lastKnownFileType = sourcecode.swift; path = ListPostModule.swift; sourceTree = "<group>"; };
		7BABFE5F6C4AF0479A9EA49E /* Pods-Social Network.debug.xcconfig */ = {isa = PBXFileReference; includeInIndex = 1; lastKnownFileType = text.xcconfig; name = "Pods-Social Network.debug.xcconfig"; path = "Target Support Files/Pods-Social Network/Pods-Social Network.debug.xcconfig"; sourceTree = "<group>"; };
		F9A7793A9D34526B3C1C1F83 /* Pods-Social Network.release.xcconfig */ = {isa = PBXFileReference; includeInIndex = 1; lastKnownFileType = text.xcconfig; name = "Pods-Social Network.release.xcconfig"; path = "Target Support Files/Pods-Social Network/Pods-Social Network.release.xcconfig"; sourceTree = "<group>"; };
/* End PBXFileReference section */

/* Begin PBXFrameworksBuildPhase section */
		2618A54529C5EDF10053C989 /* Frameworks */ = {
			isa = PBXFrameworksBuildPhase;
			buildActionMask = 2147483647;
			files = (
				6A3D6F51C7889BA62C2A9116 /* Pods_Social_Network.framework in Frameworks */,
			);
			runOnlyForDeploymentPostprocessing = 0;
		};
/* End PBXFrameworksBuildPhase section */

/* Begin PBXGroup section */
		2618A53F29C5EDF10053C989 = {
			isa = PBXGroup;
			children = (
				2618A54A29C5EDF10053C989 /* Social Network */,
				2618A54929C5EDF10053C989 /* Products */,
				D2CCD186751BD47B3093397D /* Pods */,
				56F72815BE861F89CA981659 /* Frameworks */,
			);
			sourceTree = "<group>";
		};
		2618A54929C5EDF10053C989 /* Products */ = {
			isa = PBXGroup;
			children = (
				2618A54829C5EDF10053C989 /* Social Network.app */,
			);
			name = Products;
			sourceTree = "<group>";
		};
		2618A54A29C5EDF10053C989 /* Social Network */ = {
			isa = PBXGroup;
			children = (
				2618A55F29C5F1210053C989 /* Cores */,
				26BD457D29C5F3A100AEC5C8 /* Models */,
				26BD458229C6B3CB00AEC5C8 /* Modules */,
				2618A55929C5EDF30053C989 /* Info.plist */,
				2618A55629C5EDF30053C989 /* LaunchScreen.storyboard */,
			);
			path = "Social Network";
			sourceTree = "<group>";
		};
		2618A55F29C5F1210053C989 /* Cores */ = {
			isa = PBXGroup;
			children = (
				2618A56029C5F1380053C989 /* Extensions */,
				26BD459829C6BE5300AEC5C8 /* Services */,
				26BD458629C6B47C00AEC5C8 /* Routers */,
				2618A54B29C5EDF10053C989 /* AppDelegate.swift */,
				2618A55429C5EDF30053C989 /* Assets.xcassets */,
			);
			path = Cores;
			sourceTree = "<group>";
		};
		2618A56029C5F1380053C989 /* Extensions */ = {
			isa = PBXGroup;
			children = (
				2618A56129C5F1600053C989 /* Extension+UIApplication.swift */,
				2618A56329C5F17E0053C989 /* Extension+UINavigationController.swift */,
				2618A56529C5F19A0053C989 /* Extension+UIViewController.swift */,
				26BD45A129C6D7C400AEC5C8 /* Extension+UITableViewCell.swift */,
				26BD45A329C6D7CF00AEC5C8 /* Extension+UITableView.swift */,
			);
			path = Extensions;
			sourceTree = "<group>";
		};
		26BD457D29C5F3A100AEC5C8 /* Models */ = {
			isa = PBXGroup;
			children = (
				26BD457E29C5F53D00AEC5C8 /* User.swift */,
				26BD458029C5F59300AEC5C8 /* Post.swift */,
			);
			path = Models;
			sourceTree = "<group>";
		};
		26BD458229C6B3CB00AEC5C8 /* Modules */ = {
			isa = PBXGroup;
			children = (
				26BD458329C6B3F500AEC5C8 /* List Post */,
			);
			path = Modules;
			sourceTree = "<group>";
		};
		26BD458329C6B3F500AEC5C8 /* List Post */ = {
			isa = PBXGroup;
			children = (
				26BD459329C6BB1200AEC5C8 /* Cells */,
				26BD458429C6B46100AEC5C8 /* ListPostProtocols.swift */,
				26BD458F29C6B8A300AEC5C8 /* ListPostView.swift */,
				26BD459029C6B8A300AEC5C8 /* ListPostView.xib */,
				26BD459B29C6BFAF00AEC5C8 /* ListPostInteractor.swift */,
				26BD459F29C6C3C000AEC5C8 /* ListPostPresenter.swift */,
				26BD45A529C71C7F00AEC5C8 /* ListPostModule.swift */,
			);
			path = "List Post";
			sourceTree = "<group>";
		};
		26BD458629C6B47C00AEC5C8 /* Routers */ = {
			isa = PBXGroup;
			children = (
				26BD458729C6B48A00AEC5C8 /* IRouter.swift */,
				26BD458929C6B4A400AEC5C8 /* AppRouter.swift */,
				26BD458B29C6B4E100AEC5C8 /* IModule.swift */,
				26BD458D29C6B4F400AEC5C8 /* FeatureModule.swift */,
			);
			path = Routers;
			sourceTree = "<group>";
		};
		26BD459329C6BB1200AEC5C8 /* Cells */ = {
			isa = PBXGroup;
			children = (
				26BD459429C6BB3100AEC5C8 /* PostItemTableCell.swift */,
				26BD459529C6BB3100AEC5C8 /* PostItemTableCell.xib */,
			);
			path = Cells;
			sourceTree = "<group>";
		};
		26BD459829C6BE5300AEC5C8 /* Services */ = {
			isa = PBXGroup;
			children = (
				26BD459929C6BE6600AEC5C8 /* DiskHelper.swift */,
			);
			path = Services;
			sourceTree = "<group>";
		};
		56F72815BE861F89CA981659 /* Frameworks */ = {
			isa = PBXGroup;
			children = (
				124AA95DE5B6775312F89B97 /* Pods_Social_Network.framework */,
			);
			name = Frameworks;
			sourceTree = "<group>";
		};
		D2CCD186751BD47B3093397D /* Pods */ = {
			isa = PBXGroup;
			children = (
				7BABFE5F6C4AF0479A9EA49E /* Pods-Social Network.debug.xcconfig */,
				F9A7793A9D34526B3C1C1F83 /* Pods-Social Network.release.xcconfig */,
			);
			path = Pods;
			sourceTree = "<group>";
		};
/* End PBXGroup section */

/* Begin PBXNativeTarget section */
		2618A54729C5EDF10053C989 /* Social Network */ = {
			isa = PBXNativeTarget;
			buildConfigurationList = 2618A55C29C5EDF30053C989 /* Build configuration list for PBXNativeTarget "Social Network" */;
			buildPhases = (
				7BF93796CA491BE66CE6F5A7 /* [CP] Check Pods Manifest.lock */,
				2618A54429C5EDF10053C989 /* Sources */,
				2618A54529C5EDF10053C989 /* Frameworks */,
				2618A54629C5EDF10053C989 /* Resources */,
				6E64E82E71A30D4E2C477053 /* [CP] Embed Pods Frameworks */,
			);
			buildRules = (
			);
			dependencies = (
			);
			name = "Social Network";
			productName = "Social Network";
			productReference = 2618A54829C5EDF10053C989 /* Social Network.app */;
			productType = "com.apple.product-type.application";
		};
/* End PBXNativeTarget section */

/* Begin PBXProject section */
		2618A54029C5EDF10053C989 /* Project object */ = {
			isa = PBXProject;
			attributes = {
				BuildIndependentTargetsInParallel = 1;
				LastSwiftUpdateCheck = 1400;
				LastUpgradeCheck = 1400;
				TargetAttributes = {
					2618A54729C5EDF10053C989 = {
						CreatedOnToolsVersion = 14.0.1;
					};
				};
			};
			buildConfigurationList = 2618A54329C5EDF10053C989 /* Build configuration list for PBXProject "Social Network" */;
			compatibilityVersion = "Xcode 14.0";
			developmentRegion = en;
			hasScannedForEncodings = 0;
			knownRegions = (
				en,
				Base,
			);
			mainGroup = 2618A53F29C5EDF10053C989;
			productRefGroup = 2618A54929C5EDF10053C989 /* Products */;
			projectDirPath = "";
			projectRoot = "";
			targets = (
				2618A54729C5EDF10053C989 /* Social Network */,
			);
		};
/* End PBXProject section */

/* Begin PBXResourcesBuildPhase section */
		2618A54629C5EDF10053C989 /* Resources */ = {
			isa = PBXResourcesBuildPhase;
			buildActionMask = 2147483647;
			files = (
				2618A55829C5EDF30053C989 /* LaunchScreen.storyboard in Resources */,
				26BD459229C6B8A300AEC5C8 /* ListPostView.xib in Resources */,
				2618A55529C5EDF30053C989 /* Assets.xcassets in Resources */,
				26BD459729C6BB3100AEC5C8 /* PostItemTableCell.xib in Resources */,
			);
			runOnlyForDeploymentPostprocessing = 0;
		};
/* End PBXResourcesBuildPhase section */

/* Begin PBXShellScriptBuildPhase section */
		6E64E82E71A30D4E2C477053 /* [CP] Embed Pods Frameworks */ = {
			isa = PBXShellScriptBuildPhase;
			buildActionMask = 2147483647;
			files = (
			);
			inputFileListPaths = (
				"${PODS_ROOT}/Target Support Files/Pods-Social Network/Pods-Social Network-frameworks-${CONFIGURATION}-input-files.xcfilelist",
			);
			name = "[CP] Embed Pods Frameworks";
			outputFileListPaths = (
				"${PODS_ROOT}/Target Support Files/Pods-Social Network/Pods-Social Network-frameworks-${CONFIGURATION}-output-files.xcfilelist",
			);
			runOnlyForDeploymentPostprocessing = 0;
			shellPath = /bin/sh;
			shellScript = "\"${PODS_ROOT}/Target Support Files/Pods-Social Network/Pods-Social Network-frameworks.sh\"\n";
			showEnvVarsInLog = 0;
		};
		7BF93796CA491BE66CE6F5A7 /* [CP] Check Pods Manifest.lock */ = {
			isa = PBXShellScriptBuildPhase;
			buildActionMask = 2147483647;
			files = (
			);
			inputFileListPaths = (
			);
			inputPaths = (
				"${PODS_PODFILE_DIR_PATH}/Podfile.lock",
				"${PODS_ROOT}/Manifest.lock",
			);
			name = "[CP] Check Pods Manifest.lock";
			outputFileListPaths = (
			);
			outputPaths = (
				"$(DERIVED_FILE_DIR)/Pods-Social Network-checkManifestLockResult.txt",
			);
			runOnlyForDeploymentPostprocessing = 0;
			shellPath = /bin/sh;
			shellScript = "diff \"${PODS_PODFILE_DIR_PATH}/Podfile.lock\" \"${PODS_ROOT}/Manifest.lock\" > /dev/null\nif [ $? != 0 ] ; then\n    # print error to STDERR\n    echo \"error: The sandbox is not in sync with the Podfile.lock. Run 'pod install' or update your CocoaPods installation.\" >&2\n    exit 1\nfi\n# This output is used by Xcode 'outputs' to avoid re-running this script phase.\necho \"SUCCESS\" > \"${SCRIPT_OUTPUT_FILE_0}\"\n";
			showEnvVarsInLog = 0;
		};
/* End PBXShellScriptBuildPhase section */

/* Begin PBXSourcesBuildPhase section */
		2618A54429C5EDF10053C989 /* Sources */ = {
			isa = PBXSourcesBuildPhase;
			buildActionMask = 2147483647;
			files = (
				2618A56629C5F19A0053C989 /* Extension+UIViewController.swift in Sources */,
				2618A56229C5F1600053C989 /* Extension+UIApplication.swift in Sources */,
				26BD459129C6B8A300AEC5C8 /* ListPostView.swift in Sources */,
				26BD458E29C6B4F400AEC5C8 /* FeatureModule.swift in Sources */,
				26BD459C29C6BFAF00AEC5C8 /* ListPostInteractor.swift in Sources */,
				26BD45A229C6D7C400AEC5C8 /* Extension+UITableViewCell.swift in Sources */,
				26BD458829C6B48A00AEC5C8 /* IRouter.swift in Sources */,
				26BD45A429C6D7CF00AEC5C8 /* Extension+UITableView.swift in Sources */,
				26BD45A629C71C7F00AEC5C8 /* ListPostModule.swift in Sources */,
				26BD458529C6B46100AEC5C8 /* ListPostProtocols.swift in Sources */,
				2618A54C29C5EDF20053C989 /* AppDelegate.swift in Sources */,
				26BD458A29C6B4A400AEC5C8 /* AppRouter.swift in Sources */,
				26BD458129C5F59300AEC5C8 /* Post.swift in Sources */,
				26BD458C29C6B4E100AEC5C8 /* IModule.swift in Sources */,
				26BD459A29C6BE6600AEC5C8 /* DiskHelper.swift in Sources */,
				26BD45A029C6C3C000AEC5C8 /* ListPostPresenter.swift in Sources */,
				26BD457F29C5F53D00AEC5C8 /* User.swift in Sources */,
				26BD459629C6BB3100AEC5C8 /* PostItemTableCell.swift in Sources */,
				2618A56429C5F17E0053C989 /* Extension+UINavigationController.swift in Sources */,
			);
			runOnlyForDeploymentPostprocessing = 0;
		};
/* End PBXSourcesBuildPhase section */

/* Begin PBXVariantGroup section */
		2618A55629C5EDF30053C989 /* LaunchScreen.storyboard */ = {
			isa = PBXVariantGroup;
			children = (
				2618A55729C5EDF30053C989 /* Base */,
			);
			name = LaunchScreen.storyboard;
			sourceTree = "<group>";
		};
/* End PBXVariantGroup section */

/* Begin XCBuildConfiguration section */
		2618A55A29C5EDF30053C989 /* Debug */ = {
			isa = XCBuildConfiguration;
			buildSettings = {
				ALWAYS_SEARCH_USER_PATHS = NO;
				CLANG_ANALYZER_NONNULL = YES;
				CLANG_ANALYZER_NUMBER_OBJECT_CONVERSION = YES_AGGRESSIVE;
				CLANG_CXX_LANGUAGE_STANDARD = "gnu++20";
				CLANG_ENABLE_MODULES = YES;
				CLANG_ENABLE_OBJC_ARC = YES;
				CLANG_ENABLE_OBJC_WEAK = YES;
				CLANG_WARN_BLOCK_CAPTURE_AUTORELEASING = YES;
				CLANG_WARN_BOOL_CONVERSION = YES;
				CLANG_WARN_COMMA = YES;
				CLANG_WARN_CONSTANT_CONVERSION = YES;
				CLANG_WARN_DEPRECATED_OBJC_IMPLEMENTATIONS = YES;
				CLANG_WARN_DIRECT_OBJC_ISA_USAGE = YES_ERROR;
				CLANG_WARN_DOCUMENTATION_COMMENTS = YES;
				CLANG_WARN_EMPTY_BODY = YES;
				CLANG_WARN_ENUM_CONVERSION = YES;
				CLANG_WARN_INFINITE_RECURSION = YES;
				CLANG_WARN_INT_CONVERSION = YES;
				CLANG_WARN_NON_LITERAL_NULL_CONVERSION = YES;
				CLANG_WARN_OBJC_IMPLICIT_RETAIN_SELF = YES;
				CLANG_WARN_OBJC_LITERAL_CONVERSION = YES;
				CLANG_WARN_OBJC_ROOT_CLASS = YES_ERROR;
				CLANG_WARN_QUOTED_INCLUDE_IN_FRAMEWORK_HEADER = YES;
				CLANG_WARN_RANGE_LOOP_ANALYSIS = YES;
				CLANG_WARN_STRICT_PROTOTYPES = YES;
				CLANG_WARN_SUSPICIOUS_MOVE = YES;
				CLANG_WARN_UNGUARDED_AVAILABILITY = YES_AGGRESSIVE;
				CLANG_WARN_UNREACHABLE_CODE = YES;
				CLANG_WARN__DUPLICATE_METHOD_MATCH = YES;
				COPY_PHASE_STRIP = NO;
				DEBUG_INFORMATION_FORMAT = dwarf;
				ENABLE_STRICT_OBJC_MSGSEND = YES;
				ENABLE_TESTABILITY = YES;
				GCC_C_LANGUAGE_STANDARD = gnu11;
				GCC_DYNAMIC_NO_PIC = NO;
				GCC_NO_COMMON_BLOCKS = YES;
				GCC_OPTIMIZATION_LEVEL = 0;
				GCC_PREPROCESSOR_DEFINITIONS = (
					"DEBUG=1",
					"$(inherited)",
				);
				GCC_WARN_64_TO_32_BIT_CONVERSION = YES;
				GCC_WARN_ABOUT_RETURN_TYPE = YES_ERROR;
				GCC_WARN_UNDECLARED_SELECTOR = YES;
				GCC_WARN_UNINITIALIZED_AUTOS = YES_AGGRESSIVE;
				GCC_WARN_UNUSED_FUNCTION = YES;
				GCC_WARN_UNUSED_VARIABLE = YES;
				IPHONEOS_DEPLOYMENT_TARGET = 16.0;
				MTL_ENABLE_DEBUG_INFO = INCLUDE_SOURCE;
				MTL_FAST_MATH = YES;
				ONLY_ACTIVE_ARCH = YES;
				SDKROOT = iphoneos;
				SWIFT_ACTIVE_COMPILATION_CONDITIONS = DEBUG;
				SWIFT_OPTIMIZATION_LEVEL = "-Onone";
			};
			name = Debug;
		};
		2618A55B29C5EDF30053C989 /* Release */ = {
			isa = XCBuildConfiguration;
			buildSettings = {
				ALWAYS_SEARCH_USER_PATHS = NO;
				CLANG_ANALYZER_NONNULL = YES;
				CLANG_ANALYZER_NUMBER_OBJECT_CONVERSION = YES_AGGRESSIVE;
				CLANG_CXX_LANGUAGE_STANDARD = "gnu++20";
				CLANG_ENABLE_MODULES = YES;
				CLANG_ENABLE_OBJC_ARC = YES;
				CLANG_ENABLE_OBJC_WEAK = YES;
				CLANG_WARN_BLOCK_CAPTURE_AUTORELEASING = YES;
				CLANG_WARN_BOOL_CONVERSION = YES;
				CLANG_WARN_COMMA = YES;
				CLANG_WARN_CONSTANT_CONVERSION = YES;
				CLANG_WARN_DEPRECATED_OBJC_IMPLEMENTATIONS = YES;
				CLANG_WARN_DIRECT_OBJC_ISA_USAGE = YES_ERROR;
				CLANG_WARN_DOCUMENTATION_COMMENTS = YES;
				CLANG_WARN_EMPTY_BODY = YES;
				CLANG_WARN_ENUM_CONVERSION = YES;
				CLANG_WARN_INFINITE_RECURSION = YES;
				CLANG_WARN_INT_CONVERSION = YES;
				CLANG_WARN_NON_LITERAL_NULL_CONVERSION = YES;
				CLANG_WARN_OBJC_IMPLICIT_RETAIN_SELF = YES;
				CLANG_WARN_OBJC_LITERAL_CONVERSION = YES;
				CLANG_WARN_OBJC_ROOT_CLASS = YES_ERROR;
				CLANG_WARN_QUOTED_INCLUDE_IN_FRAMEWORK_HEADER = YES;
				CLANG_WARN_RANGE_LOOP_ANALYSIS = YES;
				CLANG_WARN_STRICT_PROTOTYPES = YES;
				CLANG_WARN_SUSPICIOUS_MOVE = YES;
				CLANG_WARN_UNGUARDED_AVAILABILITY = YES_AGGRESSIVE;
				CLANG_WARN_UNREACHABLE_CODE = YES;
				CLANG_WARN__DUPLICATE_METHOD_MATCH = YES;
				COPY_PHASE_STRIP = NO;
				DEBUG_INFORMATION_FORMAT = "dwarf-with-dsym";
				ENABLE_NS_ASSERTIONS = NO;
				ENABLE_STRICT_OBJC_MSGSEND = YES;
				GCC_C_LANGUAGE_STANDARD = gnu11;
				GCC_NO_COMMON_BLOCKS = YES;
				GCC_WARN_64_TO_32_BIT_CONVERSION = YES;
				GCC_WARN_ABOUT_RETURN_TYPE = YES_ERROR;
				GCC_WARN_UNDECLARED_SELECTOR = YES;
				GCC_WARN_UNINITIALIZED_AUTOS = YES_AGGRESSIVE;
				GCC_WARN_UNUSED_FUNCTION = YES;
				GCC_WARN_UNUSED_VARIABLE = YES;
				IPHONEOS_DEPLOYMENT_TARGET = 16.0;
				MTL_ENABLE_DEBUG_INFO = NO;
				MTL_FAST_MATH = YES;
				SDKROOT = iphoneos;
				SWIFT_COMPILATION_MODE = wholemodule;
				SWIFT_OPTIMIZATION_LEVEL = "-O";
				VALIDATE_PRODUCT = YES;
			};
			name = Release;
		};
		2618A55D29C5EDF30053C989 /* Debug */ = {
			isa = XCBuildConfiguration;
			baseConfigurationReference = 7BABFE5F6C4AF0479A9EA49E /* Pods-Social Network.debug.xcconfig */;
			buildSettings = {
				ASSETCATALOG_COMPILER_APPICON_NAME = AppIcon;
				ASSETCATALOG_COMPILER_GLOBAL_ACCENT_COLOR_NAME = AccentColor;
				CODE_SIGN_STYLE = Automatic;
				CURRENT_PROJECT_VERSION = 1;
				DEVELOPMENT_TEAM = 6MERJ8ZW37;
				GENERATE_INFOPLIST_FILE = YES;
				INFOPLIST_FILE = "Social Network/Info.plist";
				INFOPLIST_KEY_UIApplicationSupportsIndirectInputEvents = YES;
				INFOPLIST_KEY_UILaunchStoryboardName = LaunchScreen;
				INFOPLIST_KEY_UISupportedInterfaceOrientations_iPhone = "UIInterfaceOrientationPortrait UIInterfaceOrientationLandscapeLeft UIInterfaceOrientationLandscapeRight";
				LD_RUNPATH_SEARCH_PATHS = (
					"$(inherited)",
					"@executable_path/Frameworks",
				);
				MARKETING_VERSION = 1.0;
				PRODUCT_BUNDLE_IDENTIFIER = "com.Social-Network";
				PRODUCT_NAME = "$(TARGET_NAME)";
				SWIFT_EMIT_LOC_STRINGS = YES;
				SWIFT_VERSION = 5.0;
				TARGETED_DEVICE_FAMILY = "1,2";
			};
			name = Debug;
		};
		2618A55E29C5EDF30053C989 /* Release */ = {
			isa = XCBuildConfiguration;
			baseConfigurationReference = F9A7793A9D34526B3C1C1F83 /* Pods-Social Network.release.xcconfig */;
			buildSettings = {
				ASSETCATALOG_COMPILER_APPICON_NAME = AppIcon;
				ASSETCATALOG_COMPILER_GLOBAL_ACCENT_COLOR_NAME = AccentColor;
				CODE_SIGN_STYLE = Automatic;
				CURRENT_PROJECT_VERSION = 1;
				DEVELOPMENT_TEAM = 6MERJ8ZW37;
				GENERATE_INFOPLIST_FILE = YES;
				INFOPLIST_FILE = "Social Network/Info.plist";
				INFOPLIST_KEY_UIApplicationSupportsIndirectInputEvents = YES;
				INFOPLIST_KEY_UILaunchStoryboardName = LaunchScreen;
				INFOPLIST_KEY_UISupportedInterfaceOrientations_iPhone = "UIInterfaceOrientationPortrait UIInterfaceOrientationLandscapeLeft UIInterfaceOrientationLandscapeRight";
				LD_RUNPATH_SEARCH_PATHS = (
					"$(inherited)",
					"@executable_path/Frameworks",
				);
				MARKETING_VERSION = 1.0;
				PRODUCT_BUNDLE_IDENTIFIER = "com.Social-Network";
				PRODUCT_NAME = "$(TARGET_NAME)";
				SWIFT_EMIT_LOC_STRINGS = YES;
				SWIFT_VERSION = 5.0;
				TARGETED_DEVICE_FAMILY = "1,2";
			};
			name = Release;
		};
/* End XCBuildConfiguration section */

/* Begin XCConfigurationList section */
		2618A54329C5EDF10053C989 /* Build configuration list for PBXProject "Social Network" */ = {
			isa = XCConfigurationList;
			buildConfigurations = (
				2618A55A29C5EDF30053C989 /* Debug */,
				2618A55B29C5EDF30053C989 /* Release */,
			);
			defaultConfigurationIsVisible = 0;
			defaultConfigurationName = Release;
		};
		2618A55C29C5EDF30053C989 /* Build configuration list for PBXNativeTarget "Social Network" */ = {
			isa = XCConfigurationList;
			buildConfigurations = (
				2618A55D29C5EDF30053C989 /* Debug */,
				2618A55E29C5EDF30053C989 /* Release */,
			);
			defaultConfigurationIsVisible = 0;
			defaultConfigurationName = Release;
		};
/* End XCConfigurationList section */
	};
	rootObject = 2618A54029C5EDF10053C989 /* Project object */;
}
